// !$*UTF8*$!
{
	archiveVersion = 1;
	classes = {
	};
	objectVersion = 46;
	objects = {

/* Begin PBXBuildFile section */
		D56BA6BC1C77174000DF7937 /* main.m in Sources */ = {isa = PBXBuildFile; fileRef = D56BA6BB1C77174000DF7937 /* main.m */; };
		D56BA6BF1C77174000DF7937 /* AppDelegate.m in Sources */ = {isa = PBXBuildFile; fileRef = D56BA6BE1C77174000DF7937 /* AppDelegate.m */; };
		D56BA6C21C77174000DF7937 /* ViewController.m in Sources */ = {isa = PBXBuildFile; fileRef = D56BA6C11C77174000DF7937 /* ViewController.m */; };
		D56BA6C51C77174000DF7937 /* Main.storyboard in Resources */ = {isa = PBXBuildFile; fileRef = D56BA6C31C77174000DF7937 /* Main.storyboard */; };
		D56BA6C71C77174000DF7937 /* Assets.xcassets in Resources */ = {isa = PBXBuildFile; fileRef = D56BA6C61C77174000DF7937 /* Assets.xcassets */; };
		D56BA6CA1C77174000DF7937 /* LaunchScreen.storyboard in Resources */ = {isa = PBXBuildFile; fileRef = D56BA6C81C77174000DF7937 /* LaunchScreen.storyboard */; };
/* End PBXBuildFile section */

/* Begin PBXFileReference section */
		D56BA6B71C77174000DF7937 /* Study.app */ = {isa = PBXFileReference; explicitFileType = wrapper.application; includeInIndex = 0; path = Study.app; sourceTree = BUILT_PRODUCTS_DIR; };
		D56BA6BB1C77174000DF7937 /* main.m */ = {isa = PBXFileReference; lastKnownFileType = sourcecode.c.objc; path = main.m; sourceTree = "<group>"; };
		D56BA6BD1C77174000DF7937 /* AppDelegate.h */ = {isa = PBXFileReference; lastKnownFileType = sourcecode.c.h; path = AppDelegate.h; sourceTree = "<group>"; };
		D56BA6BE1C77174000DF7937 /* AppDelegate.m */ = {isa = PBXFileReference; lastKnownFileType = sourcecode.c.objc; path = AppDelegate.m; sourceTree = "<group>"; };
		D56BA6C01C77174000DF7937 /* ViewController.h */ = {isa = PBXFileReference; lastKnownFileType = sourcecode.c.h; path = ViewController.h; sourceTree = "<group>"; };
		D56BA6C11C77174000DF7937 /* ViewController.m */ = {isa = PBXFileReference; lastKnownFileType = sourcecode.c.objc; path = ViewController.m; sourceTree = "<group>"; };
		D56BA6C41C77174000DF7937 /* Base */ = {isa = PBXFileReference; lastKnownFileType = file.storyboard; name = Base; path = Base.lproj/Main.storyboard; sourceTree = "<group>"; };
		D56BA6C61C77174000DF7937 /* Assets.xcassets */ = {isa = PBXFileReference; lastKnownFileType = folder.assetcatalog; path = Assets.xcassets; sourceTree = "<group>"; };
		D56BA6C91C77174000DF7937 /* Base */ = {isa = PBXFileReference; lastKnownFileType = file.storyboard; name = Base; path = Base.lproj/LaunchScreen.storyboard; sourceTree = "<group>"; };
		D56BA6CB1C77174000DF7937 /* Info.plist */ = {isa = PBXFileReference; lastKnownFileType = text.plist.xml; path = Info.plist; sourceTree = "<group>"; };
/* End PBXFileReference section */

/* Begin PBXFrameworksBuildPhase section */
		D56BA6B41C77174000DF7937 /* Frameworks */ = {
			isa = PBXFrameworksBuildPhase;
			buildActionMask = 2147483647;
			files = (
			);
			runOnlyForDeploymentPostprocessing = 0;
		};
/* End PBXFrameworksBuildPhase section */

/* Begin PBXGroup section */
		D56BA6AE1C77174000DF7937 = {
			isa = PBXGroup;
			children = (
				D56BA6B91C77174000DF7937 /* Study */,
				D56BA6B81C77174000DF7937 /* Products */,
			);
			sourceTree = "<group>";
		};
		D56BA6B81C77174000DF7937 /* Products */ = {
			isa = PBXGroup;
			children = (
				D56BA6B71C77174000DF7937 /* Study.app */,
			);
			name = Products;
			sourceTree = "<group>";
		};
		D56BA6B91C77174000DF7937 /* Study */ = {
			isa = PBXGroup;
			children = (
				D56BA6BD1C77174000DF7937 /* AppDelegate.h */,
				D56BA6BE1C77174000DF7937 /* AppDelegate.m */,
				D56BA6C01C77174000DF7937 /* ViewController.h */,
				D56BA6C11C77174000DF7937 /* ViewController.m */,
				D56BA6C31C77174000DF7937 /* Main.storyboard */,
				D56BA6C61C77174000DF7937 /* Assets.xcassets */,
				D56BA6C81C77174000DF7937 /* LaunchScreen.storyboard */,
				D56BA6CB1C77174000DF7937 /* Info.plist */,
				D56BA6BA1C77174000DF7937 /* Supporting Files */,
			);
			path = Study;
			sourceTree = "<group>";
		};
		D56BA6BA1C77174000DF7937 /* Supporting Files */ = {
			isa = PBXGroup;
			children = (
				D56BA6BB1C77174000DF7937 /* main.m */,
			);
			name = "Supporting Files";
			sourceTree = "<group>";
		};
/* End PBXGroup section */

/* Begin PBXNativeTarget section */
		D56BA6B61C77174000DF7937 /* Study */ = {
			isa = PBXNativeTarget;
			buildConfigurationList = D56BA6CE1C77174000DF7937 /* Build configuration list for PBXNativeTarget "Study" */;
			buildPhases = (
				D56BA6B31C77174000DF7937 /* Sources */,
				D56BA6B41C77174000DF7937 /* Frameworks */,
				D56BA6B51C77174000DF7937 /* Resources */,
			);
			buildRules = (
			);
			dependencies = (
			);
			name = Study;
			productName = Study;
			productReference = D56BA6B71C77174000DF7937 /* Study.app */;
			productType = "com.apple.product-type.application";
		};
/* End PBXNativeTarget section */

/* Begin PBXProject section */
		D56BA6AF1C77174000DF7937 /* Project object */ = {
			isa = PBXProject;
			attributes = {
				LastUpgradeCheck = 0720;
				ORGANIZATIONNAME = "李强";
				TargetAttributes = {
					D56BA6B61C77174000DF7937 = {
						CreatedOnToolsVersion = 7.2;
						DevelopmentTeam = GF8KQSMHLY;
					};
				};
			};
			buildConfigurationList = D56BA6B21C77174000DF7937 /* Build configuration list for PBXProject "Study" */;
			compatibilityVersion = "Xcode 3.2";
			developmentRegion = English;
			hasScannedForEncodings = 0;
			knownRegions = (
				en,
				Base,
			);
			mainGroup = D56BA6AE1C77174000DF7937;
			productRefGroup = D56BA6B81C77174000DF7937 /* Products */;
			projectDirPath = "";
			projectRoot = "";
			targets = (
				D56BA6B61C77174000DF7937 /* Study */,
			);
		};
/* End PBXProject section */

/* Begin PBXResourcesBuildPhase section */
		D56BA6B51C77174000DF7937 /* Resources */ = {
			isa = PBXResourcesBuildPhase;
			buildActionMask = 2147483647;
			files = (
				D56BA6CA1C77174000DF7937 /* LaunchScreen.storyboard in Resources */,
				D56BA6C71C77174000DF7937 /* Assets.xcassets in Resources */,
				D56BA6C51C77174000DF7937 /* Main.storyboard in Resources */,
			);
			runOnlyForDeploymentPostprocessing = 0;
		};
/* End PBXResourcesBuildPhase section */

/* Begin PBXSourcesBuildPhase section */
		D56BA6B31C77174000DF7937 /* Sources */ = {
			isa = PBXSourcesBuildPhase;
			buildActionMask = 2147483647;
			files = (
				D56BA6C21C77174000DF7937 /* ViewController.m in Sources */,
				D56BA6BF1C77174000DF7937 /* AppDelegate.m in Sources */,
				D56BA6BC1C77174000DF7937 /* main.m in Sources */,
			);
			runOnlyForDeploymentPostprocessing = 0;
		};
/* End PBXSourcesBuildPhase section */

/* Begin PBXVariantGroup section */
		D56BA6C31C77174000DF7937 /* Main.storyboard */ = {
			isa = PBXVariantGroup;
			children = (
				D56BA6C41C77174000DF7937 /* Base */,
			);
			name = Main.storyboard;
			sourceTree = "<group>";
		};
		D56BA6C81C77174000DF7937 /* LaunchScreen.storyboard */ = {
			isa = PBXVariantGroup;
			children = (
				D56BA6C91C77174000DF7937 /* Base */,
			);
			name = LaunchScreen.storyboard;
			sourceTree = "<group>";
		};
/* End PBXVariantGroup section */

/* Begin XCBuildConfiguration section */
		D56BA6CC1C77174000DF7937 /* Debug */ = {
			isa = XCBuildConfiguration;
			buildSettings = {
				ALWAYS_SEARCH_USER_PATHS = NO;
				CLANG_CXX_LANGUAGE_STANDARD = "gnu++0x";
				CLANG_CXX_LIBRARY = "libc++";
				CLANG_ENABLE_MODULES = YES;
				CLANG_ENABLE_OBJC_ARC = YES;
				CLANG_WARN_BOOL_CONVERSION = YES;
				CLANG_WARN_CONSTANT_CONVERSION = YES;
				CLANG_WARN_DIRECT_OBJC_ISA_USAGE = YES_ERROR;
				CLANG_WARN_EMPTY_BODY = YES;
				CLANG_WARN_ENUM_CONVERSION = YES;
				CLANG_WARN_INT_CONVERSION = YES;
				CLANG_WARN_OBJC_ROOT_CLASS = YES_ERROR;
				CLANG_WARN_UNREACHABLE_CODE = YES;
				CLANG_WARN__DUPLICATE_METHOD_MATCH = YES;
				"CODE_SIGN_IDENTITY[sdk=iphoneos*]" = "iPhone Developer";
				COPY_PHASE_STRIP = NO;
				DEBUG_INFORMATION_FORMAT = dwarf;
				ENABLE_STRICT_OBJC_MSGSEND = YES;
				ENABLE_TESTABILITY = YES;
				GCC_C_LANGUAGE_STANDARD = gnu99;
				GCC_DYNAMIC_NO_PIC = NO;
				GCC_NO_COMMON_BLOCKS = YES;
				GCC_OPTIMIZATION_LEVEL = 0;
				GCC_PREPROCESSOR_DEFINITIONS = (
					"DEBUG=1",
					"$(inherited)",
				);
				GCC_WARN_64_TO_32_BIT_CONVERSION = YES;
				GCC_WARN_ABOUT_RETURN_TYPE = YES_ERROR;
				GCC_WARN_UNDECLARED_SELECTOR = YES;
				GCC_WARN_UNINITIALIZED_AUTOS = YES_AGGRESSIVE;
				GCC_WARN_UNUSED_FUNCTION = YES;
				GCC_WARN_UNUSED_VARIABLE = YES;
				IPHONEOS_DEPLOYMENT_TARGET = 9.2;
				MTL_ENABLE_DEBUG_INFO = YES;
				ONLY_ACTIVE_ARCH = YES;
				SDKROOT = iphoneos;
			};
			name = Debug;
		};
		D56BA6CD1C77174000DF7937 /* Release */ = {
			isa = XCBuildConfiguration;
			buildSettings = {
				ALWAYS_SEARCH_USER_PATHS = NO;
				CLANG_CXX_LANGUAGE_STANDARD = "gnu++0x";
				CLANG_CXX_LIBRARY = "libc++";
				CLANG_ENABLE_MODULES = YES;
				CLANG_ENABLE_OBJC_ARC = YES;
				CLANG_WARN_BOOL_CONVERSION = YES;
				CLANG_WARN_CONSTANT_CONVERSION = YES;
				CLANG_WARN_DIRECT_OBJC_ISA_USAGE = YES_ERROR;
				CLANG_WARN_EMPTY_BODY = YES;
				CLANG_WARN_ENUM_CONVERSION = YES;
				CLANG_WARN_INT_CONVERSION = YES;
				CLANG_WARN_OBJC_ROOT_CLASS = YES_ERROR;
				CLANG_WARN_UNREACHABLE_CODE = YES;
				CLANG_WARN__DUPLICATE_METHOD_MATCH = YES;
				"CODE_SIGN_IDENTITY[sdk=iphoneos*]" = "iPhone Developer";
				COPY_PHASE_STRIP = NO;
				DEBUG_INFORMATION_FORMAT = "dwarf-with-dsym";
				ENABLE_NS_ASSERTIONS = NO;
				ENABLE_STRICT_OBJC_MSGSEND = YES;
				GCC_C_LANGUAGE_STANDARD = gnu99;
				GCC_NO_COMMON_BLOCKS = YES;
				GCC_WARN_64_TO_32_BIT_CONVERSION = YES;
				GCC_WARN_ABOUT_RETURN_TYPE = YES_ERROR;
				GCC_WARN_UNDECLARED_SELECTOR = YES;
				GCC_WARN_UNINITIALIZED_AUTOS = YES_AGGRESSIVE;
				GCC_WARN_UNUSED_FUNCTION = YES;
				GCC_WARN_UNUSED_VARIABLE = YES;
				IPHONEOS_DEPLOYMENT_TARGET = 9.2;
				MTL_ENABLE_DEBUG_INFO = NO;
				SDKROOT = iphoneos;
				VALIDATE_PRODUCT = YES;
			};
			name = Release;
		};
		D56BA6CF1C77174000DF7937 /* Debug */ = {
			isa = XCBuildConfiguration;
			buildSettings = {
				ASSETCATALOG_COMPILER_APPICON_NAME = AppIcon;
				INFOPLIST_FILE = Study/Info.plist;
				LD_RUNPATH_SEARCH_PATHS = "$(inherited) @executable_path/Frameworks";
				PRODUCT_BUNDLE_IDENTIFIER = bluce.Study;
				PRODUCT_NAME = "$(TARGET_NAME)";
			};
			name = Debug;
		};
		D56BA6D01C77174000DF7937 /* Release */ = {
			isa = XCBuildConfiguration;
			buildSettings = {
				ASSETCATALOG_COMPILER_APPICON_NAME = AppIcon;
				INFOPLIST_FILE = Study/Info.plist;
				LD_RUNPATH_SEARCH_PATHS = "$(inherited) @executable_path/Frameworks";
				PRODUCT_BUNDLE_IDENTIFIER = bluce.Study;
				PRODUCT_NAME = "$(TARGET_NAME)";
			};
			name = Release;
		};
/* End XCBuildConfiguration section */

/* Begin XCConfigurationList section */
		D56BA6B21C77174000DF7937 /* Build configuration list for PBXProject "Study" */ = {
			isa = XCConfigurationList;
			buildConfigurations = (
				D56BA6CC1C77174000DF7937 /* Debug */,
				D56BA6CD1C77174000DF7937 /* Release */,
			);
			defaultConfigurationIsVisible = 0;
			defaultConfigurationName = Release;
		};
		D56BA6CE1C77174000DF7937 /* Build configuration list for PBXNativeTarget "Study" */ = {
			isa = XCConfigurationList;
			buildConfigurations = (
				D56BA6CF1C77174000DF7937 /* Debug */,
				D56BA6D01C77174000DF7937 /* Release */,
			);
			defaultConfigurationIsVisible = 0;
		};
/* End XCConfigurationList section */
	};
	rootObject = D56BA6AF1C77174000DF7937 /* Project object */;
}
